<Solution>
  <Configurations>
    <BuildType Name="Debug" />
    <BuildType Name="Release" />
    <BuildType Name="Release-4-12-0" />
    <BuildType Name="Release-4-14-0" />
    <BuildType Name="Release-5-0-0" />
    <BuildType Name="Release-5-3-0" />
    <Platform Name="x64" />
  </Configurations>
  <Project Path="CSharpLatest.Analyzers/CSharpLatest.Analyzers.csproj">
    <Platform Project="x64" />
  </Project>
  <Project Path="CSharpLatest.CodeFixes/CSharpLatest.CodeFixes.csproj">
    <Platform Project="x64" />
  </Project>
  <Project Path="CSharpLatest.Package/CSharpLatest.Package.csproj">
    <BuildType Solution="Release-4-12-0|*" Project="Release" />
    <BuildType Solution="Release-4-14-0|*" Project="Release" />
    <BuildType Solution="Release-5-0-0|*" Project="Release" />
    <BuildType Solution="Release-5-3-0|*" Project="Release" />
    <Platform Project="x64" />
    <Build Solution="Release-4-12-0|*" Project="false" />
    <Build Solution="Release-4-14-0|*" Project="false" />
    <Build Solution="Release-5-0-0|*" Project="false" />
    <Build Solution="Release-5-3-0|*" Project="false" />
  </Project>
  <Project Path="Test/CSharpLatest.Test/CSharpLatest.Test.csproj">
    <Platform Project="x64" />
  </Project>
  <Project Path="Test/CSharpLatest.Vsix/CSharpLatest.Vsix.csproj">
    <BuildType Solution="Release-4-12-0|*" Project="Release" />
    <BuildType Solution="Release-4-14-0|*" Project="Release" />
    <BuildType Solution="Release-5-0-0|*" Project="Release" />
    <BuildType Solution="Release-5-3-0|*" Project="Release" />
    <Platform Project="x64" />
    <Build Project="false" />
    <Deploy Solution="Release|*" />
  </Project>
</Solution>
