
Microsoft Visual Studio Solution File, Format Version 12.00
# Visual Studio Version 17
VisualStudioVersion = 17.7.34018.315
MinimumVisualStudioVersion = 10.0.40219.1
Project("{9A19103F-16F7-4668-BE54-9A1E7A4F7556}") = "CSharpLatest.Analyzers", "CSharpLatest.Analyzers\CSharpLatest.Analyzers.csproj", "{42BE307E-351A-426D-95F7-4B35452F0AE3}"
EndProject
Project("{9A19103F-16F7-4668-BE54-9A1E7A4F7556}") = "CSharpLatest.CodeFixes", "CSharpLatest.CodeFixes\CSharpLatest.CodeFixes.csproj", "{18EED95C-5BF4-413C-95C5-E3B87C3431FC}"
EndProject
Project("{9A19103F-16F7-4668-BE54-9A1E7A4F7556}") = "CSharpLatest.Package", "CSharpLatest.Package\CSharpLatest.Package.csproj", "{5F2D6806-6B5B-4878-B7BF-15BF8352D078}"
EndProject
Project("{9A19103F-16F7-4668-BE54-9A1E7A4F7556}") = "CSharpLatest.Test", "Test\CSharpLatest.Test\CSharpLatest.Test.csproj", "{E8F2BAD7-5F69-4033-851C-F989CDA31BDB}"
EndProject
Project("{9A19103F-16F7-4668-BE54-9A1E7A4F7556}") = "CSharpLatest.Vsix", "Test\CSharpLatest.Vsix\CSharpLatest.Vsix.csproj", "{371F52C5-CBD9-4A5A-8CE5-8AC2A30023A3}"
EndProject
Global
	GlobalSection(SolutionConfigurationPlatforms) = preSolution
		Debug|Any CPU = Debug|Any CPU
		Release|Any CPU = Release|Any CPU
	EndGlobalSection
	GlobalSection(ProjectConfigurationPlatforms) = postSolution
		{42BE307E-351A-426D-95F7-4B35452F0AE3}.Debug|Any CPU.ActiveCfg = Debug|Any CPU
		{42BE307E-351A-426D-95F7-4B35452F0AE3}.Debug|Any CPU.Build.0 = Debug|Any CPU
		{42BE307E-351A-426D-95F7-4B35452F0AE3}.Release|Any CPU.ActiveCfg = Release|Any CPU
		{42BE307E-351A-426D-95F7-4B35452F0AE3}.Release|Any CPU.Build.0 = Release|Any CPU
		{18EED95C-5BF4-413C-95C5-E3B87C3431FC}.Debug|Any CPU.ActiveCfg = Debug|Any CPU
		{18EED95C-5BF4-413C-95C5-E3B87C3431FC}.Debug|Any CPU.Build.0 = Debug|Any CPU
		{18EED95C-5BF4-413C-95C5-E3B87C3431FC}.Release|Any CPU.ActiveCfg = Release|Any CPU
		{18EED95C-5BF4-413C-95C5-E3B87C3431FC}.Release|Any CPU.Build.0 = Release|Any CPU
		{5F2D6806-6B5B-4878-B7BF-15BF8352D078}.Debug|Any CPU.ActiveCfg = Debug|Any CPU
		{5F2D6806-6B5B-4878-B7BF-15BF8352D078}.Debug|Any CPU.Build.0 = Debug|Any CPU
		{5F2D6806-6B5B-4878-B7BF-15BF8352D078}.Release|Any CPU.ActiveCfg = Release|Any CPU
		{5F2D6806-6B5B-4878-B7BF-15BF8352D078}.Release|Any CPU.Build.0 = Release|Any CPU
		{E8F2BAD7-5F69-4033-851C-F989CDA31BDB}.Debug|Any CPU.ActiveCfg = Debug|Any CPU
		{E8F2BAD7-5F69-4033-851C-F989CDA31BDB}.Debug|Any CPU.Build.0 = Debug|Any CPU
		{E8F2BAD7-5F69-4033-851C-F989CDA31BDB}.Release|Any CPU.ActiveCfg = Release|Any CPU
		{E8F2BAD7-5F69-4033-851C-F989CDA31BDB}.Release|Any CPU.Build.0 = Release|Any CPU
		{371F52C5-CBD9-4A5A-8CE5-8AC2A30023A3}.Debug|Any CPU.ActiveCfg = Debug|Any CPU
		{371F52C5-CBD9-4A5A-8CE5-8AC2A30023A3}.Debug|Any CPU.Build.0 = Debug|Any CPU
		{371F52C5-CBD9-4A5A-8CE5-8AC2A30023A3}.Release|Any CPU.ActiveCfg = Release|Any CPU
		{371F52C5-CBD9-4A5A-8CE5-8AC2A30023A3}.Release|Any CPU.Build.0 = Release|Any CPU
	EndGlobalSection
	GlobalSection(SolutionProperties) = preSolution
		HideSolutionNode = FALSE
	EndGlobalSection
	GlobalSection(ExtensibilityGlobals) = postSolution
		SolutionGuid = {8F496FC3-E66E-4E86-B6BE-09B8EE716465}
	EndGlobalSection
EndGlobal
