
Microsoft Visual Studio Solution File, Format Version 12.00
# Visual Studio Version 18
VisualStudioVersion = 18.3.11312.210
MinimumVisualStudioVersion = 10.0.40219.1
Project("{9A19103F-16F7-4668-BE54-9A1E7A4F7556}") = "CSharpLatest.Analyzers", "CSharpLatest.Analyzers\CSharpLatest.Analyzers.csproj", "{42BE307E-351A-426D-95F7-4B35452F0AE3}"
EndProject
Project("{9A19103F-16F7-4668-BE54-9A1E7A4F7556}") = "CSharpLatest.CodeFixes", "CSharpLatest.CodeFixes\CSharpLatest.CodeFixes.csproj", "{18EED95C-5BF4-413C-95C5-E3B87C3431FC}"
EndProject
Project("{9A19103F-16F7-4668-BE54-9A1E7A4F7556}") = "CSharpLatest.Package", "CSharpLatest.Package\CSharpLatest.Package.csproj", "{5F2D6806-6B5B-4878-B7BF-15BF8352D078}"
EndProject
Project("{9A19103F-16F7-4668-BE54-9A1E7A4F7556}") = "CSharpLatest.Vsix", "Test\CSharpLatest.Vsix\CSharpLatest.Vsix.csproj", "{371F52C5-CBD9-4A5A-8CE5-8AC2A30023A3}"
EndProject
Project("{FAE04EC0-301F-11D3-BF4B-00C04F79EFBC}") = "CSharpLatest.Test", "Test\CSharpLatest.Test\CSharpLatest.Test.csproj", "{B17394E1-D659-438C-A06D-D6953DBD470F}"
EndProject
Global
	GlobalSection(SolutionConfigurationPlatforms) = preSolution
		Debug|x64 = Debug|x64
		Release|x64 = Release|x64
		Release-4-12-0|x64 = Release-4-12-0|x64
		Release-4-14-0|x64 = Release-4-14-0|x64
		Release-5-0-0|x64 = Release-5-0-0|x64
	EndGlobalSection
	GlobalSection(ProjectConfigurationPlatforms) = postSolution
		{42BE307E-351A-426D-95F7-4B35452F0AE3}.Debug|x64.ActiveCfg = Debug|x64
		{42BE307E-351A-426D-95F7-4B35452F0AE3}.Debug|x64.Build.0 = Debug|x64
		{42BE307E-351A-426D-95F7-4B35452F0AE3}.Release|x64.ActiveCfg = Release|x64
		{42BE307E-351A-426D-95F7-4B35452F0AE3}.Release|x64.Build.0 = Release|x64
		{42BE307E-351A-426D-95F7-4B35452F0AE3}.Release-4-12-0|x64.ActiveCfg = Release-4-12-0|x64
		{42BE307E-351A-426D-95F7-4B35452F0AE3}.Release-4-12-0|x64.Build.0 = Release-4-12-0|x64
		{42BE307E-351A-426D-95F7-4B35452F0AE3}.Release-4-14-0|x64.ActiveCfg = Release-4-14-0|x64
		{42BE307E-351A-426D-95F7-4B35452F0AE3}.Release-4-14-0|x64.Build.0 = Release-4-14-0|x64
		{42BE307E-351A-426D-95F7-4B35452F0AE3}.Release-5-0-0|x64.ActiveCfg = Release-5-0-0|x64
		{42BE307E-351A-426D-95F7-4B35452F0AE3}.Release-5-0-0|x64.Build.0 = Release-5-0-0|x64
		{18EED95C-5BF4-413C-95C5-E3B87C3431FC}.Debug|x64.ActiveCfg = Debug|x64
		{18EED95C-5BF4-413C-95C5-E3B87C3431FC}.Debug|x64.Build.0 = Debug|x64
		{18EED95C-5BF4-413C-95C5-E3B87C3431FC}.Release|x64.ActiveCfg = Release|x64
		{18EED95C-5BF4-413C-95C5-E3B87C3431FC}.Release|x64.Build.0 = Release|x64
		{18EED95C-5BF4-413C-95C5-E3B87C3431FC}.Release-4-12-0|x64.ActiveCfg = Release-4-12-0|x64
		{18EED95C-5BF4-413C-95C5-E3B87C3431FC}.Release-4-12-0|x64.Build.0 = Release-4-12-0|x64
		{18EED95C-5BF4-413C-95C5-E3B87C3431FC}.Release-4-14-0|x64.ActiveCfg = Release-4-14-0|x64
		{18EED95C-5BF4-413C-95C5-E3B87C3431FC}.Release-4-14-0|x64.Build.0 = Release-4-14-0|x64
		{18EED95C-5BF4-413C-95C5-E3B87C3431FC}.Release-5-0-0|x64.ActiveCfg = Release-5-0-0|x64
		{18EED95C-5BF4-413C-95C5-E3B87C3431FC}.Release-5-0-0|x64.Build.0 = Release-5-0-0|x64
		{5F2D6806-6B5B-4878-B7BF-15BF8352D078}.Debug|x64.ActiveCfg = Debug|x64
		{5F2D6806-6B5B-4878-B7BF-15BF8352D078}.Debug|x64.Build.0 = Debug|x64
		{5F2D6806-6B5B-4878-B7BF-15BF8352D078}.Release|x64.ActiveCfg = Release|x64
		{5F2D6806-6B5B-4878-B7BF-15BF8352D078}.Release|x64.Build.0 = Release|x64
		{5F2D6806-6B5B-4878-B7BF-15BF8352D078}.Release-4-12-0|x64.ActiveCfg = Release|x64
		{5F2D6806-6B5B-4878-B7BF-15BF8352D078}.Release-4-14-0|x64.ActiveCfg = Release|x64
		{5F2D6806-6B5B-4878-B7BF-15BF8352D078}.Release-5-0-0|x64.ActiveCfg = Release|x64
		{371F52C5-CBD9-4A5A-8CE5-8AC2A30023A3}.Debug|x64.ActiveCfg = Debug|x64
		{371F52C5-CBD9-4A5A-8CE5-8AC2A30023A3}.Release|x64.ActiveCfg = Release|x64
		{371F52C5-CBD9-4A5A-8CE5-8AC2A30023A3}.Release|x64.Deploy.0 = Release|x64
		{371F52C5-CBD9-4A5A-8CE5-8AC2A30023A3}.Release-4-12-0|x64.ActiveCfg = Release|x64
		{371F52C5-CBD9-4A5A-8CE5-8AC2A30023A3}.Release-4-14-0|x64.ActiveCfg = Release|x64
		{371F52C5-CBD9-4A5A-8CE5-8AC2A30023A3}.Release-5-0-0|x64.ActiveCfg = Release|x64
		{B17394E1-D659-438C-A06D-D6953DBD470F}.Debug|x64.ActiveCfg = Debug|x64
		{B17394E1-D659-438C-A06D-D6953DBD470F}.Debug|x64.Build.0 = Debug|x64
		{B17394E1-D659-438C-A06D-D6953DBD470F}.Release|x64.ActiveCfg = Release|x64
		{B17394E1-D659-438C-A06D-D6953DBD470F}.Release|x64.Build.0 = Release|x64
		{B17394E1-D659-438C-A06D-D6953DBD470F}.Release-4-12-0|x64.ActiveCfg = Release-4-12-0|x64
		{B17394E1-D659-438C-A06D-D6953DBD470F}.Release-4-12-0|x64.Build.0 = Release-4-12-0|x64
		{B17394E1-D659-438C-A06D-D6953DBD470F}.Release-4-14-0|x64.ActiveCfg = Release-4-14-0|x64
		{B17394E1-D659-438C-A06D-D6953DBD470F}.Release-4-14-0|x64.Build.0 = Release-4-14-0|x64
		{B17394E1-D659-438C-A06D-D6953DBD470F}.Release-5-0-0|x64.ActiveCfg = Release-5-0-0|x64
		{B17394E1-D659-438C-A06D-D6953DBD470F}.Release-5-0-0|x64.Build.0 = Release-5-0-0|x64
	EndGlobalSection
	GlobalSection(SolutionProperties) = preSolution
		HideSolutionNode = FALSE
	EndGlobalSection
	GlobalSection(ExtensibilityGlobals) = postSolution
		SolutionGuid = {8F496FC3-E66E-4E86-B6BE-09B8EE716465}
	EndGlobalSection
EndGlobal
